
Microsoft Visual Studio Solution File, Format Version 12.00
# Visual Studio Version 17
VisualStudioVersion = 17.0.32112.339
MinimumVisualStudioVersion = 10.0.40219.1
Project("{2150E333-8FDC-42A3-9474-1A3956D46DE8}") = "API", "API", "{9C1FB945-A0BA-402F-81F0-269EE4E15BEA}"
EndProject
Project("{2150E333-8FDC-42A3-9474-1A3956D46DE8}") = "DAL", "DAL", "{BFF06504-1FC4-46A2-A5E0-8B6AB18A5C2A}"
EndProject
Project("{FAE04EC0-301F-11D3-BF4B-00C04F79EFBC}") = "API", "API\API.csproj", "{9A0D181D-235E-44C2-B97A-BC55174D66C7}"
EndProject
Project("{FAE04EC0-301F-11D3-BF4B-00C04F79EFBC}") = "Repository", "Repository\Repository.csproj", "{6DDA4D09-2BEB-4D28-AF90-B1822B8FAAD2}"
EndProject
Global
	GlobalSection(SolutionConfigurationPlatforms) = preSolution
		Debug|Any CPU = Debug|Any CPU
		Release|Any CPU = Release|Any CPU
	EndGlobalSection
	GlobalSection(ProjectConfigurationPlatforms) = postSolution
		{9A0D181D-235E-44C2-B97A-BC55174D66C7}.Debug|Any CPU.ActiveCfg = Debug|Any CPU
		{9A0D181D-235E-44C2-B97A-BC55174D66C7}.Debug|Any CPU.Build.0 = Debug|Any CPU
		{9A0D181D-235E-44C2-B97A-BC55174D66C7}.Release|Any CPU.ActiveCfg = Release|Any CPU
		{9A0D181D-235E-44C2-B97A-BC55174D66C7}.Release|Any CPU.Build.0 = Release|Any CPU
		{6DDA4D09-2BEB-4D28-AF90-B1822B8FAAD2}.Debug|Any CPU.ActiveCfg = Debug|Any CPU
		{6DDA4D09-2BEB-4D28-AF90-B1822B8FAAD2}.Debug|Any CPU.Build.0 = Debug|Any CPU
		{6DDA4D09-2BEB-4D28-AF90-B1822B8FAAD2}.Release|Any CPU.ActiveCfg = Release|Any CPU
		{6DDA4D09-2BEB-4D28-AF90-B1822B8FAAD2}.Release|Any CPU.Build.0 = Release|Any CPU
	EndGlobalSection
	GlobalSection(SolutionProperties) = preSolution
		HideSolutionNode = FALSE
	EndGlobalSection
	GlobalSection(NestedProjects) = preSolution
		{9A0D181D-235E-44C2-B97A-BC55174D66C7} = {9C1FB945-A0BA-402F-81F0-269EE4E15BEA}
		{6DDA4D09-2BEB-4D28-AF90-B1822B8FAAD2} = {BFF06504-1FC4-46A2-A5E0-8B6AB18A5C2A}
	EndGlobalSection
	GlobalSection(ExtensibilityGlobals) = postSolution
		SolutionGuid = {215D2741-7BFD-4F81-B048-19E1ABA085EE}
	EndGlobalSection
EndGlobal
